
Microsoft Visual Studio Solution File, Format Version 12.00
# Visual Studio 15
VisualStudioVersion = 15.0.27428.2037
MinimumVisualStudioVersion = 10.0.40219.1
Project("{9A19103F-16F7-4668-BE54-9A1E7A4F7556}") = "Tarzan.Nfx.Dashboard", "src\Tarzan.Nfx.Dashboard\Tarzan.Nfx.Dashboard.csproj", "{C59D8FA4-A2D4-4B4E-BAC2-39185643F5A5}"
EndProject
Project("{9A19103F-16F7-4668-BE54-9A1E7A4F7556}") = "Tarzan.Nfx.Model", "src\Tarzan.Nfx.Model\Tarzan.Nfx.Model.csproj", "{8870EE12-981F-4DF6-9F02-7EEF4A3A869C}"
EndProject
Project("{9A19103F-16F7-4668-BE54-9A1E7A4F7556}") = "Tarzan.Nfx.PacketDecoders", "src\Tarzan.Nfx.PacketDecoders\Tarzan.Nfx.PacketDecoders.csproj", "{A0CE1828-D7F3-443B-A2AE-D4234366AA48}"
EndProject
Project("{9A19103F-16F7-4668-BE54-9A1E7A4F7556}") = "Tarzan.Nfx.PacketDecoders.Tests", "tests\Tarzan.Nfx.PacketDecoders.Tests\Tarzan.Nfx.PacketDecoders.Tests.csproj", "{BBA8F935-1EB8-4666-BB50-8B3AAD118247}"
EndProject
Project("{9A19103F-16F7-4668-BE54-9A1E7A4F7556}") = "Tarzan.Nfx.ProtocolClassifiers", "src\Tarzan.Nfx.ProtocolClassifiers\Tarzan.Nfx.ProtocolClassifiers.csproj", "{26590C2F-A45F-43D7-8217-35D0C0919C81}"
EndProject
Project("{9A19103F-16F7-4668-BE54-9A1E7A4F7556}") = "Tarzan.Nfx.Analyzers", "src\Tarzan.Nfx.Analyzers\Tarzan.Nfx.Analyzers.csproj", "{415D3F97-0E70-462E-BE79-7896091B040C}"
EndProject
Project("{9A19103F-16F7-4668-BE54-9A1E7A4F7556}") = "Tarzan.Nfx.PcapLoader", "src\Tarzan.Nfx.PcapLoader\Tarzan.Nfx.PcapLoader.csproj", "{2F8CA150-97BC-4DFA-A3D1-2C7E7FC390F0}"
EndProject
Project("{9A19103F-16F7-4668-BE54-9A1E7A4F7556}") = "Tarzan.Nfx.Utils", "src\Tarzan.Nfx.Utils\Tarzan.Nfx.Utils.csproj", "{1917234A-541A-4C51-B8FB-57F70E9D6711}"
EndProject
Project("{9A19103F-16F7-4668-BE54-9A1E7A4F7556}") = "Tarzan.Nfx.IgniteServer", "src\Tarzan.Nfx.IgniteServer\Tarzan.Nfx.IgniteServer.csproj", "{4AF54723-603F-4183-AFA1-D44B575CB0A7}"
EndProject
Project("{9A19103F-16F7-4668-BE54-9A1E7A4F7556}") = "Tarzan.Nfx.Ignite", "src\Tarzan.Nfx.Ignite\Tarzan.Nfx.Ignite.csproj", "{B459F06A-6066-4037-B744-460E500A0AED}"
EndProject
Project("{9A19103F-16F7-4668-BE54-9A1E7A4F7556}") = "Tarzan.Nfx.Ignite.Tests", "tests\Tarzan.Nfx.Ignite.Tests\Tarzan.Nfx.Ignite.Tests.csproj", "{BF134A63-C674-42ED-9287-536F20C59DF9}"
EndProject
Project("{9A19103F-16F7-4668-BE54-9A1E7A4F7556}") = "Tarzan.Nfx.Model.Tests", "tests\Tarzan.Nfx.Model.Tests\Tarzan.Nfx.Model.Tests.csproj", "{1F0EC926-ABB9-4D36-BD27-DC4445F4FA91}"
EndProject

Project("{2150E333-8FDC-42A3-9474-1A3956D46DE8}") = "Docs", "Docs", "{F53B5D59-66A2-41B4-B468-B0CF42B32E4B}"
EndProject
Global
	GlobalSection(SolutionConfigurationPlatforms) = preSolution
		Debug|Any CPU = Debug|Any CPU
		Release|Any CPU = Release|Any CPU
	EndGlobalSection
	GlobalSection(ProjectConfigurationPlatforms) = postSolution
		{C59D8FA4-A2D4-4B4E-BAC2-39185643F5A5}.Debug|Any CPU.ActiveCfg = Debug|Any CPU
		{C59D8FA4-A2D4-4B4E-BAC2-39185643F5A5}.Debug|Any CPU.Build.0 = Debug|Any CPU
		{C59D8FA4-A2D4-4B4E-BAC2-39185643F5A5}.Release|Any CPU.ActiveCfg = Release|Any CPU
		{C59D8FA4-A2D4-4B4E-BAC2-39185643F5A5}.Release|Any CPU.Build.0 = Release|Any CPU
		{8870EE12-981F-4DF6-9F02-7EEF4A3A869C}.Debug|Any CPU.ActiveCfg = Debug|Any CPU
		{8870EE12-981F-4DF6-9F02-7EEF4A3A869C}.Debug|Any CPU.Build.0 = Debug|Any CPU
		{8870EE12-981F-4DF6-9F02-7EEF4A3A869C}.Release|Any CPU.ActiveCfg = Release|Any CPU
		{8870EE12-981F-4DF6-9F02-7EEF4A3A869C}.Release|Any CPU.Build.0 = Release|Any CPU
		{A0CE1828-D7F3-443B-A2AE-D4234366AA48}.Debug|Any CPU.ActiveCfg = Debug|Any CPU
		{A0CE1828-D7F3-443B-A2AE-D4234366AA48}.Debug|Any CPU.Build.0 = Debug|Any CPU
		{A0CE1828-D7F3-443B-A2AE-D4234366AA48}.Release|Any CPU.ActiveCfg = Release|Any CPU
		{A0CE1828-D7F3-443B-A2AE-D4234366AA48}.Release|Any CPU.Build.0 = Release|Any CPU
		{BBA8F935-1EB8-4666-BB50-8B3AAD118247}.Debug|Any CPU.ActiveCfg = Debug|Any CPU
		{BBA8F935-1EB8-4666-BB50-8B3AAD118247}.Debug|Any CPU.Build.0 = Debug|Any CPU
		{BBA8F935-1EB8-4666-BB50-8B3AAD118247}.Release|Any CPU.ActiveCfg = Release|Any CPU
		{BBA8F935-1EB8-4666-BB50-8B3AAD118247}.Release|Any CPU.Build.0 = Release|Any CPU
		{26590C2F-A45F-43D7-8217-35D0C0919C81}.Debug|Any CPU.ActiveCfg = Debug|Any CPU
		{26590C2F-A45F-43D7-8217-35D0C0919C81}.Debug|Any CPU.Build.0 = Debug|Any CPU
		{26590C2F-A45F-43D7-8217-35D0C0919C81}.Release|Any CPU.ActiveCfg = Release|Any CPU
		{26590C2F-A45F-43D7-8217-35D0C0919C81}.Release|Any CPU.Build.0 = Release|Any CPU
		{415D3F97-0E70-462E-BE79-7896091B040C}.Debug|Any CPU.ActiveCfg = Debug|Any CPU
		{415D3F97-0E70-462E-BE79-7896091B040C}.Debug|Any CPU.Build.0 = Debug|Any CPU
		{415D3F97-0E70-462E-BE79-7896091B040C}.Release|Any CPU.ActiveCfg = Release|Any CPU
		{415D3F97-0E70-462E-BE79-7896091B040C}.Release|Any CPU.Build.0 = Release|Any CPU
		{2F8CA150-97BC-4DFA-A3D1-2C7E7FC390F0}.Debug|Any CPU.ActiveCfg = Debug|Any CPU
		{2F8CA150-97BC-4DFA-A3D1-2C7E7FC390F0}.Debug|Any CPU.Build.0 = Debug|Any CPU
		{2F8CA150-97BC-4DFA-A3D1-2C7E7FC390F0}.Release|Any CPU.ActiveCfg = Release|Any CPU
		{2F8CA150-97BC-4DFA-A3D1-2C7E7FC390F0}.Release|Any CPU.Build.0 = Release|Any CPU
		{1917234A-541A-4C51-B8FB-57F70E9D6711}.Debug|Any CPU.ActiveCfg = Debug|Any CPU
		{1917234A-541A-4C51-B8FB-57F70E9D6711}.Debug|Any CPU.Build.0 = Debug|Any CPU
		{1917234A-541A-4C51-B8FB-57F70E9D6711}.Release|Any CPU.ActiveCfg = Release|Any CPU
		{1917234A-541A-4C51-B8FB-57F70E9D6711}.Release|Any CPU.Build.0 = Release|Any CPU
		{4AF54723-603F-4183-AFA1-D44B575CB0A7}.Debug|Any CPU.ActiveCfg = Debug|Any CPU
		{4AF54723-603F-4183-AFA1-D44B575CB0A7}.Debug|Any CPU.Build.0 = Debug|Any CPU
		{4AF54723-603F-4183-AFA1-D44B575CB0A7}.Release|Any CPU.ActiveCfg = Release|Any CPU
		{4AF54723-603F-4183-AFA1-D44B575CB0A7}.Release|Any CPU.Build.0 = Release|Any CPU
		{B459F06A-6066-4037-B744-460E500A0AED}.Debug|Any CPU.ActiveCfg = Debug|Any CPU
		{B459F06A-6066-4037-B744-460E500A0AED}.Debug|Any CPU.Build.0 = Debug|Any CPU
		{B459F06A-6066-4037-B744-460E500A0AED}.Release|Any CPU.ActiveCfg = Release|Any CPU
		{B459F06A-6066-4037-B744-460E500A0AED}.Release|Any CPU.Build.0 = Release|Any CPU
		{BF134A63-C674-42ED-9287-536F20C59DF9}.Debug|Any CPU.ActiveCfg = Debug|Any CPU
		{BF134A63-C674-42ED-9287-536F20C59DF9}.Debug|Any CPU.Build.0 = Debug|Any CPU
		{BF134A63-C674-42ED-9287-536F20C59DF9}.Release|Any CPU.ActiveCfg = Release|Any CPU
		{BF134A63-C674-42ED-9287-536F20C59DF9}.Release|Any CPU.Build.0 = Release|Any CPU
		{1F0EC926-ABB9-4D36-BD27-DC4445F4FA91}.Debug|Any CPU.ActiveCfg = Debug|Any CPU
		{1F0EC926-ABB9-4D36-BD27-DC4445F4FA91}.Debug|Any CPU.Build.0 = Debug|Any CPU
		{1F0EC926-ABB9-4D36-BD27-DC4445F4FA91}.Release|Any CPU.ActiveCfg = Release|Any CPU
		{1F0EC926-ABB9-4D36-BD27-DC4445F4FA91}.Release|Any CPU.Build.0 = Release|Any CPU
	EndGlobalSection
	GlobalSection(SolutionProperties) = preSolution
		HideSolutionNode = FALSE
	EndGlobalSection
	GlobalSection(NestedProjects) = preSolution
	EndGlobalSection
	GlobalSection(ExtensibilityGlobals) = postSolution
		SolutionGuid = {43FA7675-4C85-4595-AA1D-085E54AC590E}
	EndGlobalSection
EndGlobal
