Microsoft Visual Studio Solution File, Format Version 12.00
# Visual Studio 15
VisualStudioVersion = 15.0.27428.2037
MinimumVisualStudioVersion = 10.0.40219.1
Project("{9A19103F-16F7-4668-BE54-9A1E7A4F7556}") = "Tarzan.Nfx.Dashboard", "src\Tarzan.Nfx.Dashboard\Tarzan.Nfx.Dashboard.csproj", "{C59D8FA4-A2D4-4B4E-BAC2-39185643F5A5}"
EndProject
Project("{9A19103F-16F7-4668-BE54-9A1E7A4F7556}") = "Tarzan.Nfx.Model", "src\Tarzan.Nfx.Model\Tarzan.Nfx.Model.csproj", "{8870EE12-981F-4DF6-9F02-7EEF4A3A869C}"
EndProject
Project("{9A19103F-16F7-4668-BE54-9A1E7A4F7556}") = "Tarzan.Nfx.PacketDecoders", "src\Tarzan.Nfx.PacketDecoders\Tarzan.Nfx.PacketDecoders.csproj", "{A0CE1828-D7F3-443B-A2AE-D4234366AA48}"
EndProject
Project("{9A19103F-16F7-4668-BE54-9A1E7A4F7556}") = "Tarzan.Nfx.PacketDecoders.Tests", "tests\Tarzan.Nfx.PacketDecoders.Tests\Tarzan.Nfx.PacketDecoders.Tests.csproj", "{BBA8F935-1EB8-4666-BB50-8B3AAD118247}"
EndProject
Project("{9A19103F-16F7-4668-BE54-9A1E7A4F7556}") = "Tarzan.Nfx.ProtocolClassifiers", "src\Tarzan.Nfx.ProtocolClassifiers\Tarzan.Nfx.ProtocolClassifiers.csproj", "{26590C2F-A45F-43D7-8217-35D0C0919C81}"
EndProject
Project("{9A19103F-16F7-4668-BE54-9A1E7A4F7556}") = "Tarzan.Nfx.Analyzers", "src\Tarzan.Nfx.Analyzers\Tarzan.Nfx.Analyzers.csproj", "{415D3F97-0E70-462E-BE79-7896091B040C}"
EndProject
Project("{9A19103F-16F7-4668-BE54-9A1E7A4F7556}") = "Tarzan.Nfx.PcapLoader", "src\Tarzan.Nfx.PcapLoader\Tarzan.Nfx.PcapLoader.csproj", "{2F8CA150-97BC-4DFA-A3D1-2C7E7FC390F0}"
EndProject
Project("{9A19103F-16F7-4668-BE54-9A1E7A4F7556}") = "Tarzan.Nfx.Utils", "src\Tarzan.Nfx.Utils\Tarzan.Nfx.Utils.csproj", "{1917234A-541A-4C51-B8FB-57F70E9D6711}"
EndProject
Project("{9A19103F-16F7-4668-BE54-9A1E7A4F7556}") = "Tarzan.Nfx.IgniteServer", "src\Tarzan.Nfx.IgniteServer\Tarzan.Nfx.IgniteServer.csproj", "{4AF54723-603F-4183-AFA1-D44B575CB0A7}"
EndProject
Project("{9A19103F-16F7-4668-BE54-9A1E7A4F7556}") = "Tarzan.Nfx.Ignite", "src\Tarzan.Nfx.Ignite\Tarzan.Nfx.Ignite.csproj", "{B459F06A-6066-4037-B744-460E500A0AED}"
EndProject
Project("{9A19103F-16F7-4668-BE54-9A1E7A4F7556}") = "Tarzan.Nfx.Ignite.Tests", "tests\Tarzan.Nfx.Ignite.Tests\Tarzan.Nfx.Ignite.Tests.csproj", "{BF134A63-C674-42ED-9287-536F20C59DF9}"
EndProject
Project("{9A19103F-16F7-4668-BE54-9A1E7A4F7556}") = "Tarzan.Nfx.Model.Tests", "tests\Tarzan.Nfx.Model.Tests\Tarzan.Nfx.Model.Tests.csproj", "{1F0EC926-ABB9-4D36-BD27-DC4445F4FA91}"
EndProject
Project("{2150E333-8FDC-42A3-9474-1A3956D46DE8}") = "Docs", "Docs", "{F53B5D59-66A2-41B4-B468-B0CF42B32E4B}"
EndProject
Project("{2150E333-8FDC-42A3-9474-1A3956D46DE8}") = "samples", "samples", "{1176A4EA-3985-45E1-9898-687038A140F1}"
EndProject
Project("{9A19103F-16F7-4668-BE54-9A1E7A4F7556}") = "TlsClassification", "samples\TlsClassification\TlsClassification.csproj", "{9743D87C-96DF-4298-B4CF-A770D451FCEF}"
EndProject
Project("{2150E333-8FDC-42A3-9474-1A3956D46DE8}") = "tests", "tests", "{DF324671-D220-41A6-B565-C73697F0D6BE}"
EndProject
Project("{2150E333-8FDC-42A3-9474-1A3956D46DE8}") = "src", "src", "{B79D618E-1900-4BD1-A7A5-5DA4FAD7374E}"
EndProject
<<<<<<< HEAD
Project("{FAE04EC0-301F-11D3-BF4B-00C04F79EFBC}") = "Diagnostics", "samples\Diagnostics\Diagnostics.csproj", "{42BBAC51-50C6-4144-BD2C-10B2610ECCB1}"
=======
Project("{FAE04EC0-301F-11D3-BF4B-00C04F79EFBC}") = "Tarzan.Nfx.Tls", "src\Tarzan.Nfx.Tls\Tarzan.Nfx.Tls.csproj", "{4440E2A5-C337-49F0-8402-DD1D32436191}"
>>>>>>> 9316765994ec210a773c7c7a08f3e390d4067d2b
EndProject
Global
	GlobalSection(SolutionConfigurationPlatforms) = preSolution
		Debug|Any CPU = Debug|Any CPU
		Debug|x64 = Debug|x64
		Debug|x86 = Debug|x86
		Release|Any CPU = Release|Any CPU
		Release|x64 = Release|x64
		Release|x86 = Release|x86
	EndGlobalSection
	GlobalSection(ProjectConfigurationPlatforms) = postSolution
		{C59D8FA4-A2D4-4B4E-BAC2-39185643F5A5}.Debug|Any CPU.ActiveCfg = Debug|Any CPU
		{C59D8FA4-A2D4-4B4E-BAC2-39185643F5A5}.Debug|Any CPU.Build.0 = Debug|Any CPU
		{C59D8FA4-A2D4-4B4E-BAC2-39185643F5A5}.Debug|x64.ActiveCfg = Debug|Any CPU
		{C59D8FA4-A2D4-4B4E-BAC2-39185643F5A5}.Debug|x64.Build.0 = Debug|Any CPU
		{C59D8FA4-A2D4-4B4E-BAC2-39185643F5A5}.Debug|x86.ActiveCfg = Debug|Any CPU
		{C59D8FA4-A2D4-4B4E-BAC2-39185643F5A5}.Debug|x86.Build.0 = Debug|Any CPU
		{C59D8FA4-A2D4-4B4E-BAC2-39185643F5A5}.Release|Any CPU.ActiveCfg = Release|Any CPU
		{C59D8FA4-A2D4-4B4E-BAC2-39185643F5A5}.Release|Any CPU.Build.0 = Release|Any CPU
		{C59D8FA4-A2D4-4B4E-BAC2-39185643F5A5}.Release|x64.ActiveCfg = Release|Any CPU
		{C59D8FA4-A2D4-4B4E-BAC2-39185643F5A5}.Release|x64.Build.0 = Release|Any CPU
		{C59D8FA4-A2D4-4B4E-BAC2-39185643F5A5}.Release|x86.ActiveCfg = Release|Any CPU
		{C59D8FA4-A2D4-4B4E-BAC2-39185643F5A5}.Release|x86.Build.0 = Release|Any CPU
		{8870EE12-981F-4DF6-9F02-7EEF4A3A869C}.Debug|Any CPU.ActiveCfg = Debug|Any CPU
		{8870EE12-981F-4DF6-9F02-7EEF4A3A869C}.Debug|Any CPU.Build.0 = Debug|Any CPU
		{8870EE12-981F-4DF6-9F02-7EEF4A3A869C}.Debug|x64.ActiveCfg = Debug|Any CPU
		{8870EE12-981F-4DF6-9F02-7EEF4A3A869C}.Debug|x64.Build.0 = Debug|Any CPU
		{8870EE12-981F-4DF6-9F02-7EEF4A3A869C}.Debug|x86.ActiveCfg = Debug|Any CPU
		{8870EE12-981F-4DF6-9F02-7EEF4A3A869C}.Debug|x86.Build.0 = Debug|Any CPU
		{8870EE12-981F-4DF6-9F02-7EEF4A3A869C}.Release|Any CPU.ActiveCfg = Release|Any CPU
		{8870EE12-981F-4DF6-9F02-7EEF4A3A869C}.Release|Any CPU.Build.0 = Release|Any CPU
		{8870EE12-981F-4DF6-9F02-7EEF4A3A869C}.Release|x64.ActiveCfg = Release|Any CPU
		{8870EE12-981F-4DF6-9F02-7EEF4A3A869C}.Release|x64.Build.0 = Release|Any CPU
		{8870EE12-981F-4DF6-9F02-7EEF4A3A869C}.Release|x86.ActiveCfg = Release|Any CPU
		{8870EE12-981F-4DF6-9F02-7EEF4A3A869C}.Release|x86.Build.0 = Release|Any CPU
		{A0CE1828-D7F3-443B-A2AE-D4234366AA48}.Debug|Any CPU.ActiveCfg = Debug|Any CPU
		{A0CE1828-D7F3-443B-A2AE-D4234366AA48}.Debug|Any CPU.Build.0 = Debug|Any CPU
		{A0CE1828-D7F3-443B-A2AE-D4234366AA48}.Debug|x64.ActiveCfg = Debug|Any CPU
		{A0CE1828-D7F3-443B-A2AE-D4234366AA48}.Debug|x64.Build.0 = Debug|Any CPU
		{A0CE1828-D7F3-443B-A2AE-D4234366AA48}.Debug|x86.ActiveCfg = Debug|Any CPU
		{A0CE1828-D7F3-443B-A2AE-D4234366AA48}.Debug|x86.Build.0 = Debug|Any CPU
		{A0CE1828-D7F3-443B-A2AE-D4234366AA48}.Release|Any CPU.ActiveCfg = Release|Any CPU
		{A0CE1828-D7F3-443B-A2AE-D4234366AA48}.Release|Any CPU.Build.0 = Release|Any CPU
		{A0CE1828-D7F3-443B-A2AE-D4234366AA48}.Release|x64.ActiveCfg = Release|Any CPU
		{A0CE1828-D7F3-443B-A2AE-D4234366AA48}.Release|x64.Build.0 = Release|Any CPU
		{A0CE1828-D7F3-443B-A2AE-D4234366AA48}.Release|x86.ActiveCfg = Release|Any CPU
		{A0CE1828-D7F3-443B-A2AE-D4234366AA48}.Release|x86.Build.0 = Release|Any CPU
		{BBA8F935-1EB8-4666-BB50-8B3AAD118247}.Debug|Any CPU.ActiveCfg = Debug|Any CPU
		{BBA8F935-1EB8-4666-BB50-8B3AAD118247}.Debug|Any CPU.Build.0 = Debug|Any CPU
		{BBA8F935-1EB8-4666-BB50-8B3AAD118247}.Debug|x64.ActiveCfg = Debug|Any CPU
		{BBA8F935-1EB8-4666-BB50-8B3AAD118247}.Debug|x64.Build.0 = Debug|Any CPU
		{BBA8F935-1EB8-4666-BB50-8B3AAD118247}.Debug|x86.ActiveCfg = Debug|Any CPU
		{BBA8F935-1EB8-4666-BB50-8B3AAD118247}.Debug|x86.Build.0 = Debug|Any CPU
		{BBA8F935-1EB8-4666-BB50-8B3AAD118247}.Release|Any CPU.ActiveCfg = Release|Any CPU
		{BBA8F935-1EB8-4666-BB50-8B3AAD118247}.Release|Any CPU.Build.0 = Release|Any CPU
		{BBA8F935-1EB8-4666-BB50-8B3AAD118247}.Release|x64.ActiveCfg = Release|Any CPU
		{BBA8F935-1EB8-4666-BB50-8B3AAD118247}.Release|x64.Build.0 = Release|Any CPU
		{BBA8F935-1EB8-4666-BB50-8B3AAD118247}.Release|x86.ActiveCfg = Release|Any CPU
		{BBA8F935-1EB8-4666-BB50-8B3AAD118247}.Release|x86.Build.0 = Release|Any CPU
		{26590C2F-A45F-43D7-8217-35D0C0919C81}.Debug|Any CPU.ActiveCfg = Debug|Any CPU
		{26590C2F-A45F-43D7-8217-35D0C0919C81}.Debug|Any CPU.Build.0 = Debug|Any CPU
		{26590C2F-A45F-43D7-8217-35D0C0919C81}.Debug|x64.ActiveCfg = Debug|Any CPU
		{26590C2F-A45F-43D7-8217-35D0C0919C81}.Debug|x64.Build.0 = Debug|Any CPU
		{26590C2F-A45F-43D7-8217-35D0C0919C81}.Debug|x86.ActiveCfg = Debug|Any CPU
		{26590C2F-A45F-43D7-8217-35D0C0919C81}.Debug|x86.Build.0 = Debug|Any CPU
		{26590C2F-A45F-43D7-8217-35D0C0919C81}.Release|Any CPU.ActiveCfg = Release|Any CPU
		{26590C2F-A45F-43D7-8217-35D0C0919C81}.Release|Any CPU.Build.0 = Release|Any CPU
		{26590C2F-A45F-43D7-8217-35D0C0919C81}.Release|x64.ActiveCfg = Release|Any CPU
		{26590C2F-A45F-43D7-8217-35D0C0919C81}.Release|x64.Build.0 = Release|Any CPU
		{26590C2F-A45F-43D7-8217-35D0C0919C81}.Release|x86.ActiveCfg = Release|Any CPU
		{26590C2F-A45F-43D7-8217-35D0C0919C81}.Release|x86.Build.0 = Release|Any CPU
		{415D3F97-0E70-462E-BE79-7896091B040C}.Debug|Any CPU.ActiveCfg = Debug|Any CPU
		{415D3F97-0E70-462E-BE79-7896091B040C}.Debug|Any CPU.Build.0 = Debug|Any CPU
		{415D3F97-0E70-462E-BE79-7896091B040C}.Debug|x64.ActiveCfg = Debug|Any CPU
		{415D3F97-0E70-462E-BE79-7896091B040C}.Debug|x64.Build.0 = Debug|Any CPU
		{415D3F97-0E70-462E-BE79-7896091B040C}.Debug|x86.ActiveCfg = Debug|Any CPU
		{415D3F97-0E70-462E-BE79-7896091B040C}.Debug|x86.Build.0 = Debug|Any CPU
		{415D3F97-0E70-462E-BE79-7896091B040C}.Release|Any CPU.ActiveCfg = Release|Any CPU
		{415D3F97-0E70-462E-BE79-7896091B040C}.Release|Any CPU.Build.0 = Release|Any CPU
		{415D3F97-0E70-462E-BE79-7896091B040C}.Release|x64.ActiveCfg = Release|Any CPU
		{415D3F97-0E70-462E-BE79-7896091B040C}.Release|x64.Build.0 = Release|Any CPU
		{415D3F97-0E70-462E-BE79-7896091B040C}.Release|x86.ActiveCfg = Release|Any CPU
		{415D3F97-0E70-462E-BE79-7896091B040C}.Release|x86.Build.0 = Release|Any CPU
		{2F8CA150-97BC-4DFA-A3D1-2C7E7FC390F0}.Debug|Any CPU.ActiveCfg = Debug|Any CPU
		{2F8CA150-97BC-4DFA-A3D1-2C7E7FC390F0}.Debug|Any CPU.Build.0 = Debug|Any CPU
		{2F8CA150-97BC-4DFA-A3D1-2C7E7FC390F0}.Debug|x64.ActiveCfg = Debug|Any CPU
		{2F8CA150-97BC-4DFA-A3D1-2C7E7FC390F0}.Debug|x64.Build.0 = Debug|Any CPU
		{2F8CA150-97BC-4DFA-A3D1-2C7E7FC390F0}.Debug|x86.ActiveCfg = Debug|Any CPU
		{2F8CA150-97BC-4DFA-A3D1-2C7E7FC390F0}.Debug|x86.Build.0 = Debug|Any CPU
		{2F8CA150-97BC-4DFA-A3D1-2C7E7FC390F0}.Release|Any CPU.ActiveCfg = Release|Any CPU
		{2F8CA150-97BC-4DFA-A3D1-2C7E7FC390F0}.Release|Any CPU.Build.0 = Release|Any CPU
		{2F8CA150-97BC-4DFA-A3D1-2C7E7FC390F0}.Release|x64.ActiveCfg = Release|Any CPU
		{2F8CA150-97BC-4DFA-A3D1-2C7E7FC390F0}.Release|x64.Build.0 = Release|Any CPU
		{2F8CA150-97BC-4DFA-A3D1-2C7E7FC390F0}.Release|x86.ActiveCfg = Release|Any CPU
		{2F8CA150-97BC-4DFA-A3D1-2C7E7FC390F0}.Release|x86.Build.0 = Release|Any CPU
		{1917234A-541A-4C51-B8FB-57F70E9D6711}.Debug|Any CPU.ActiveCfg = Debug|Any CPU
		{1917234A-541A-4C51-B8FB-57F70E9D6711}.Debug|Any CPU.Build.0 = Debug|Any CPU
		{1917234A-541A-4C51-B8FB-57F70E9D6711}.Debug|x64.ActiveCfg = Debug|Any CPU
		{1917234A-541A-4C51-B8FB-57F70E9D6711}.Debug|x64.Build.0 = Debug|Any CPU
		{1917234A-541A-4C51-B8FB-57F70E9D6711}.Debug|x86.ActiveCfg = Debug|Any CPU
		{1917234A-541A-4C51-B8FB-57F70E9D6711}.Debug|x86.Build.0 = Debug|Any CPU
		{1917234A-541A-4C51-B8FB-57F70E9D6711}.Release|Any CPU.ActiveCfg = Release|Any CPU
		{1917234A-541A-4C51-B8FB-57F70E9D6711}.Release|Any CPU.Build.0 = Release|Any CPU
		{1917234A-541A-4C51-B8FB-57F70E9D6711}.Release|x64.ActiveCfg = Release|Any CPU
		{1917234A-541A-4C51-B8FB-57F70E9D6711}.Release|x64.Build.0 = Release|Any CPU
		{1917234A-541A-4C51-B8FB-57F70E9D6711}.Release|x86.ActiveCfg = Release|Any CPU
		{1917234A-541A-4C51-B8FB-57F70E9D6711}.Release|x86.Build.0 = Release|Any CPU
		{4AF54723-603F-4183-AFA1-D44B575CB0A7}.Debug|Any CPU.ActiveCfg = Debug|Any CPU
		{4AF54723-603F-4183-AFA1-D44B575CB0A7}.Debug|Any CPU.Build.0 = Debug|Any CPU
		{4AF54723-603F-4183-AFA1-D44B575CB0A7}.Debug|x64.ActiveCfg = Debug|Any CPU
		{4AF54723-603F-4183-AFA1-D44B575CB0A7}.Debug|x64.Build.0 = Debug|Any CPU
		{4AF54723-603F-4183-AFA1-D44B575CB0A7}.Debug|x86.ActiveCfg = Debug|Any CPU
		{4AF54723-603F-4183-AFA1-D44B575CB0A7}.Debug|x86.Build.0 = Debug|Any CPU
		{4AF54723-603F-4183-AFA1-D44B575CB0A7}.Release|Any CPU.ActiveCfg = Release|Any CPU
		{4AF54723-603F-4183-AFA1-D44B575CB0A7}.Release|Any CPU.Build.0 = Release|Any CPU
		{4AF54723-603F-4183-AFA1-D44B575CB0A7}.Release|x64.ActiveCfg = Release|Any CPU
		{4AF54723-603F-4183-AFA1-D44B575CB0A7}.Release|x64.Build.0 = Release|Any CPU
		{4AF54723-603F-4183-AFA1-D44B575CB0A7}.Release|x86.ActiveCfg = Release|Any CPU
		{4AF54723-603F-4183-AFA1-D44B575CB0A7}.Release|x86.Build.0 = Release|Any CPU
		{B459F06A-6066-4037-B744-460E500A0AED}.Debug|Any CPU.ActiveCfg = Debug|Any CPU
		{B459F06A-6066-4037-B744-460E500A0AED}.Debug|Any CPU.Build.0 = Debug|Any CPU
		{B459F06A-6066-4037-B744-460E500A0AED}.Debug|x64.ActiveCfg = Debug|Any CPU
		{B459F06A-6066-4037-B744-460E500A0AED}.Debug|x64.Build.0 = Debug|Any CPU
		{B459F06A-6066-4037-B744-460E500A0AED}.Debug|x86.ActiveCfg = Debug|Any CPU
		{B459F06A-6066-4037-B744-460E500A0AED}.Debug|x86.Build.0 = Debug|Any CPU
		{B459F06A-6066-4037-B744-460E500A0AED}.Release|Any CPU.ActiveCfg = Release|Any CPU
		{B459F06A-6066-4037-B744-460E500A0AED}.Release|Any CPU.Build.0 = Release|Any CPU
		{B459F06A-6066-4037-B744-460E500A0AED}.Release|x64.ActiveCfg = Release|Any CPU
		{B459F06A-6066-4037-B744-460E500A0AED}.Release|x64.Build.0 = Release|Any CPU
		{B459F06A-6066-4037-B744-460E500A0AED}.Release|x86.ActiveCfg = Release|Any CPU
		{B459F06A-6066-4037-B744-460E500A0AED}.Release|x86.Build.0 = Release|Any CPU
		{BF134A63-C674-42ED-9287-536F20C59DF9}.Debug|Any CPU.ActiveCfg = Debug|Any CPU
		{BF134A63-C674-42ED-9287-536F20C59DF9}.Debug|Any CPU.Build.0 = Debug|Any CPU
		{BF134A63-C674-42ED-9287-536F20C59DF9}.Debug|x64.ActiveCfg = Debug|Any CPU
		{BF134A63-C674-42ED-9287-536F20C59DF9}.Debug|x64.Build.0 = Debug|Any CPU
		{BF134A63-C674-42ED-9287-536F20C59DF9}.Debug|x86.ActiveCfg = Debug|Any CPU
		{BF134A63-C674-42ED-9287-536F20C59DF9}.Debug|x86.Build.0 = Debug|Any CPU
		{BF134A63-C674-42ED-9287-536F20C59DF9}.Release|Any CPU.ActiveCfg = Release|Any CPU
		{BF134A63-C674-42ED-9287-536F20C59DF9}.Release|Any CPU.Build.0 = Release|Any CPU
		{BF134A63-C674-42ED-9287-536F20C59DF9}.Release|x64.ActiveCfg = Release|Any CPU
		{BF134A63-C674-42ED-9287-536F20C59DF9}.Release|x64.Build.0 = Release|Any CPU
		{BF134A63-C674-42ED-9287-536F20C59DF9}.Release|x86.ActiveCfg = Release|Any CPU
		{BF134A63-C674-42ED-9287-536F20C59DF9}.Release|x86.Build.0 = Release|Any CPU
		{1F0EC926-ABB9-4D36-BD27-DC4445F4FA91}.Debug|Any CPU.ActiveCfg = Debug|Any CPU
		{1F0EC926-ABB9-4D36-BD27-DC4445F4FA91}.Debug|Any CPU.Build.0 = Debug|Any CPU
		{1F0EC926-ABB9-4D36-BD27-DC4445F4FA91}.Debug|x64.ActiveCfg = Debug|Any CPU
		{1F0EC926-ABB9-4D36-BD27-DC4445F4FA91}.Debug|x64.Build.0 = Debug|Any CPU
		{1F0EC926-ABB9-4D36-BD27-DC4445F4FA91}.Debug|x86.ActiveCfg = Debug|Any CPU
		{1F0EC926-ABB9-4D36-BD27-DC4445F4FA91}.Debug|x86.Build.0 = Debug|Any CPU
		{1F0EC926-ABB9-4D36-BD27-DC4445F4FA91}.Release|Any CPU.ActiveCfg = Release|Any CPU
		{1F0EC926-ABB9-4D36-BD27-DC4445F4FA91}.Release|Any CPU.Build.0 = Release|Any CPU
		{1F0EC926-ABB9-4D36-BD27-DC4445F4FA91}.Release|x64.ActiveCfg = Release|Any CPU
		{1F0EC926-ABB9-4D36-BD27-DC4445F4FA91}.Release|x64.Build.0 = Release|Any CPU
		{1F0EC926-ABB9-4D36-BD27-DC4445F4FA91}.Release|x86.ActiveCfg = Release|Any CPU
		{1F0EC926-ABB9-4D36-BD27-DC4445F4FA91}.Release|x86.Build.0 = Release|Any CPU
		{9743D87C-96DF-4298-B4CF-A770D451FCEF}.Debug|Any CPU.ActiveCfg = Debug|Any CPU
		{9743D87C-96DF-4298-B4CF-A770D451FCEF}.Debug|Any CPU.Build.0 = Debug|Any CPU
		{9743D87C-96DF-4298-B4CF-A770D451FCEF}.Debug|x64.ActiveCfg = Debug|Any CPU
		{9743D87C-96DF-4298-B4CF-A770D451FCEF}.Debug|x64.Build.0 = Debug|Any CPU
		{9743D87C-96DF-4298-B4CF-A770D451FCEF}.Debug|x86.ActiveCfg = Debug|Any CPU
		{9743D87C-96DF-4298-B4CF-A770D451FCEF}.Debug|x86.Build.0 = Debug|Any CPU
		{9743D87C-96DF-4298-B4CF-A770D451FCEF}.Release|Any CPU.ActiveCfg = Release|Any CPU
		{9743D87C-96DF-4298-B4CF-A770D451FCEF}.Release|Any CPU.Build.0 = Release|Any CPU
<<<<<<< HEAD
		{9743D87C-96DF-4298-B4CF-A770D451FCEF}.Release|x64.ActiveCfg = Release|x64
		{9743D87C-96DF-4298-B4CF-A770D451FCEF}.Release|x64.Build.0 = Release|x64
		{9743D87C-96DF-4298-B4CF-A770D451FCEF}.Release|x86.ActiveCfg = Release|x86
		{9743D87C-96DF-4298-B4CF-A770D451FCEF}.Release|x86.Build.0 = Release|x86
		{42BBAC51-50C6-4144-BD2C-10B2610ECCB1}.Debug|Any CPU.ActiveCfg = Debug|Any CPU
		{42BBAC51-50C6-4144-BD2C-10B2610ECCB1}.Debug|Any CPU.Build.0 = Debug|Any CPU
		{42BBAC51-50C6-4144-BD2C-10B2610ECCB1}.Release|Any CPU.ActiveCfg = Release|Any CPU
		{42BBAC51-50C6-4144-BD2C-10B2610ECCB1}.Release|Any CPU.Build.0 = Release|Any CPU
		{42BBAC51-50C6-4144-BD2C-10B2610ECCB1}.Debug|x64.ActiveCfg = Debug|Any CPU
		{42BBAC51-50C6-4144-BD2C-10B2610ECCB1}.Debug|x64.Build.0 = Debug|Any CPU
		{42BBAC51-50C6-4144-BD2C-10B2610ECCB1}.Debug|x86.ActiveCfg = Debug|Any CPU
		{42BBAC51-50C6-4144-BD2C-10B2610ECCB1}.Debug|x86.Build.0 = Debug|Any CPU
		{42BBAC51-50C6-4144-BD2C-10B2610ECCB1}.Release|x64.ActiveCfg = Release|Any CPU
		{42BBAC51-50C6-4144-BD2C-10B2610ECCB1}.Release|x64.Build.0 = Release|Any CPU
		{42BBAC51-50C6-4144-BD2C-10B2610ECCB1}.Release|x86.ActiveCfg = Release|Any CPU
		{42BBAC51-50C6-4144-BD2C-10B2610ECCB1}.Release|x86.Build.0 = Release|Any CPU
=======
		{9743D87C-96DF-4298-B4CF-A770D451FCEF}.Release|x64.ActiveCfg = Release|Any CPU
		{9743D87C-96DF-4298-B4CF-A770D451FCEF}.Release|x64.Build.0 = Release|Any CPU
		{9743D87C-96DF-4298-B4CF-A770D451FCEF}.Release|x86.ActiveCfg = Release|Any CPU
		{9743D87C-96DF-4298-B4CF-A770D451FCEF}.Release|x86.Build.0 = Release|Any CPU
		{4440E2A5-C337-49F0-8402-DD1D32436191}.Debug|Any CPU.ActiveCfg = Debug|Any CPU
		{4440E2A5-C337-49F0-8402-DD1D32436191}.Debug|Any CPU.Build.0 = Debug|Any CPU
		{4440E2A5-C337-49F0-8402-DD1D32436191}.Debug|x64.ActiveCfg = Debug|Any CPU
		{4440E2A5-C337-49F0-8402-DD1D32436191}.Debug|x64.Build.0 = Debug|Any CPU
		{4440E2A5-C337-49F0-8402-DD1D32436191}.Debug|x86.ActiveCfg = Debug|Any CPU
		{4440E2A5-C337-49F0-8402-DD1D32436191}.Debug|x86.Build.0 = Debug|Any CPU
		{4440E2A5-C337-49F0-8402-DD1D32436191}.Release|Any CPU.ActiveCfg = Release|Any CPU
		{4440E2A5-C337-49F0-8402-DD1D32436191}.Release|Any CPU.Build.0 = Release|Any CPU
		{4440E2A5-C337-49F0-8402-DD1D32436191}.Release|x64.ActiveCfg = Release|Any CPU
		{4440E2A5-C337-49F0-8402-DD1D32436191}.Release|x64.Build.0 = Release|Any CPU
		{4440E2A5-C337-49F0-8402-DD1D32436191}.Release|x86.ActiveCfg = Release|Any CPU
		{4440E2A5-C337-49F0-8402-DD1D32436191}.Release|x86.Build.0 = Release|Any CPU
>>>>>>> 9316765994ec210a773c7c7a08f3e390d4067d2b
	EndGlobalSection
	GlobalSection(SolutionProperties) = preSolution
		HideSolutionNode = FALSE
	EndGlobalSection
	GlobalSection(NestedProjects) = preSolution
		{C59D8FA4-A2D4-4B4E-BAC2-39185643F5A5} = {B79D618E-1900-4BD1-A7A5-5DA4FAD7374E}
		{8870EE12-981F-4DF6-9F02-7EEF4A3A869C} = {B79D618E-1900-4BD1-A7A5-5DA4FAD7374E}
		{A0CE1828-D7F3-443B-A2AE-D4234366AA48} = {B79D618E-1900-4BD1-A7A5-5DA4FAD7374E}
		{BBA8F935-1EB8-4666-BB50-8B3AAD118247} = {DF324671-D220-41A6-B565-C73697F0D6BE}
		{26590C2F-A45F-43D7-8217-35D0C0919C81} = {B79D618E-1900-4BD1-A7A5-5DA4FAD7374E}
		{415D3F97-0E70-462E-BE79-7896091B040C} = {B79D618E-1900-4BD1-A7A5-5DA4FAD7374E}
		{2F8CA150-97BC-4DFA-A3D1-2C7E7FC390F0} = {B79D618E-1900-4BD1-A7A5-5DA4FAD7374E}
		{1917234A-541A-4C51-B8FB-57F70E9D6711} = {B79D618E-1900-4BD1-A7A5-5DA4FAD7374E}
<<<<<<< HEAD
		{42BBAC51-50C6-4144-BD2C-10B2610ECCB1} = {1176A4EA-3985-45E1-9898-687038A140F1}
=======
		{4AF54723-603F-4183-AFA1-D44B575CB0A7} = {B79D618E-1900-4BD1-A7A5-5DA4FAD7374E}
		{B459F06A-6066-4037-B744-460E500A0AED} = {B79D618E-1900-4BD1-A7A5-5DA4FAD7374E}
		{BF134A63-C674-42ED-9287-536F20C59DF9} = {DF324671-D220-41A6-B565-C73697F0D6BE}
		{1F0EC926-ABB9-4D36-BD27-DC4445F4FA91} = {DF324671-D220-41A6-B565-C73697F0D6BE}
		{9743D87C-96DF-4298-B4CF-A770D451FCEF} = {1176A4EA-3985-45E1-9898-687038A140F1}
		{4440E2A5-C337-49F0-8402-DD1D32436191} = {B79D618E-1900-4BD1-A7A5-5DA4FAD7374E}
>>>>>>> 9316765994ec210a773c7c7a08f3e390d4067d2b
	EndGlobalSection
	GlobalSection(ExtensibilityGlobals) = postSolution
		SolutionGuid = {43FA7675-4C85-4595-AA1D-085E54AC590E}
	EndGlobalSection
EndGlobal
